// !$*UTF8*$!
{
	archiveVersion = 1;
	classes = {
	};
	objectVersion = 50;
	objects = {

/* Begin PBXBuildFile section */
		923BBC5422BB392C0004CCFE /* circle-trans.png in Resources */ = {isa = PBXBuildFile; fileRef = 923BBC5322BB392C0004CCFE /* circle-trans.png */; };
		923BBC5622BB447A0004CCFE /* circle-bkg.png in Resources */ = {isa = PBXBuildFile; fileRef = 923BBC5522BB447A0004CCFE /* circle-bkg.png */; };
		923BBC5B22BBFF090004CCFE /* red-stripe.png in Resources */ = {isa = PBXBuildFile; fileRef = 923BBC5A22BBFF090004CCFE /* red-stripe.png */; };
		923BBC5D22BBFF100004CCFE /* yellow-stripe.png in Resources */ = {isa = PBXBuildFile; fileRef = 923BBC5C22BBFF100004CCFE /* yellow-stripe.png */; };
		923BBC5F22BBFF180004CCFE /* green-stripe.png in Resources */ = {isa = PBXBuildFile; fileRef = 923BBC5E22BBFF180004CCFE /* green-stripe.png */; };
		923BBC6122BBFF220004CCFE /* blue-stripe.png in Resources */ = {isa = PBXBuildFile; fileRef = 923BBC6022BBFF220004CCFE /* blue-stripe.png */; };
		923BBC6322BBFF280004CCFE /* purple-stripe.png in Resources */ = {isa = PBXBuildFile; fileRef = 923BBC6222BBFF280004CCFE /* purple-stripe.png */; };
		923BBC6522BC030E0004CCFE /* bkg-stripe.png in Resources */ = {isa = PBXBuildFile; fileRef = 923BBC6422BC030E0004CCFE /* bkg-stripe.png */; };
		9255F4AE22A4B44A0002BC21 /* AppDelegate.swift in Sources */ = {isa = PBXBuildFile; fileRef = 9255F4AD22A4B44A0002BC21 /* AppDelegate.swift */; };
		9255F4B022A4B44A0002BC21 /* ViewController.swift in Sources */ = {isa = PBXBuildFile; fileRef = 9255F4AF22A4B44A0002BC21 /* ViewController.swift */; };
		9255F4B322A4B44A0002BC21 /* Main.storyboard in Resources */ = {isa = PBXBuildFile; fileRef = 9255F4B122A4B44A0002BC21 /* Main.storyboard */; };
		9255F4B522A4B44C0002BC21 /* Assets.xcassets in Resources */ = {isa = PBXBuildFile; fileRef = 9255F4B422A4B44C0002BC21 /* Assets.xcassets */; };
		9255F4B822A4B44C0002BC21 /* LaunchScreen.storyboard in Resources */ = {isa = PBXBuildFile; fileRef = 9255F4B622A4B44C0002BC21 /* LaunchScreen.storyboard */; };
		92F118DE22B1DC9500B4AF1D /* DestinationViewController.swift in Sources */ = {isa = PBXBuildFile; fileRef = 92F118DD22B1DC9500B4AF1D /* DestinationViewController.swift */; };
		92F118E022B1F3EC00B4AF1D /* InstructionsViewController.swift in Sources */ = {isa = PBXBuildFile; fileRef = 92F118DF22B1F3EC00B4AF1D /* InstructionsViewController.swift */; };
		92F118E222B1F41200B4AF1D /* Puzzle1ViewController.swift in Sources */ = {isa = PBXBuildFile; fileRef = 92F118E122B1F41200B4AF1D /* Puzzle1ViewController.swift */; };
		92F118E422B1F44C00B4AF1D /* Puzzle2ViewController.swift in Sources */ = {isa = PBXBuildFile; fileRef = 92F118E322B1F44C00B4AF1D /* Puzzle2ViewController.swift */; };
		92F118E622B1F49300B4AF1D /* CheckViewController.swift in Sources */ = {isa = PBXBuildFile; fileRef = 92F118E522B1F49300B4AF1D /* CheckViewController.swift */; };
		92F118E822B1F4A300B4AF1D /* HistoryViewController.swift in Sources */ = {isa = PBXBuildFile; fileRef = 92F118E722B1F4A300B4AF1D /* HistoryViewController.swift */; };
/* End PBXBuildFile section */

/* Begin PBXFileReference section */
		923BBC5322BB392C0004CCFE /* circle-trans.png */ = {isa = PBXFileReference; lastKnownFileType = image.png; path = "circle-trans.png"; sourceTree = "<group>"; };
		923BBC5522BB447A0004CCFE /* circle-bkg.png */ = {isa = PBXFileReference; lastKnownFileType = image.png; path = "circle-bkg.png"; sourceTree = "<group>"; };
		923BBC5A22BBFF090004CCFE /* red-stripe.png */ = {isa = PBXFileReference; lastKnownFileType = image.png; path = "red-stripe.png"; sourceTree = "<group>"; };
		923BBC5C22BBFF100004CCFE /* yellow-stripe.png */ = {isa = PBXFileReference; lastKnownFileType = image.png; path = "yellow-stripe.png"; sourceTree = "<group>"; };
		923BBC5E22BBFF180004CCFE /* green-stripe.png */ = {isa = PBXFileReference; lastKnownFileType = image.png; path = "green-stripe.png"; sourceTree = "<group>"; };
		923BBC6022BBFF220004CCFE /* blue-stripe.png */ = {isa = PBXFileReference; lastKnownFileType = image.png; path = "blue-stripe.png"; sourceTree = "<group>"; };
		923BBC6222BBFF280004CCFE /* purple-stripe.png */ = {isa = PBXFileReference; lastKnownFileType = image.png; path = "purple-stripe.png"; sourceTree = "<group>"; };
		923BBC6422BC030E0004CCFE /* bkg-stripe.png */ = {isa = PBXFileReference; lastKnownFileType = image.png; path = "bkg-stripe.png"; sourceTree = "<group>"; };
		9255F4AA22A4B44A0002BC21 /* Explore.app */ = {isa = PBXFileReference; explicitFileType = wrapper.application; includeInIndex = 0; path = Explore.app; sourceTree = BUILT_PRODUCTS_DIR; };
		9255F4AD22A4B44A0002BC21 /* AppDelegate.swift */ = {isa = PBXFileReference; lastKnownFileType = sourcecode.swift; path = AppDelegate.swift; sourceTree = "<group>"; };
		9255F4AF22A4B44A0002BC21 /* ViewController.swift */ = {isa = PBXFileReference; lastKnownFileType = sourcecode.swift; path = ViewController.swift; sourceTree = "<group>"; };
		9255F4B222A4B44A0002BC21 /* Base */ = {isa = PBXFileReference; lastKnownFileType = file.storyboard; name = Base; path = Base.lproj/Main.storyboard; sourceTree = "<group>"; };
		9255F4B422A4B44C0002BC21 /* Assets.xcassets */ = {isa = PBXFileReference; lastKnownFileType = folder.assetcatalog; path = Assets.xcassets; sourceTree = "<group>"; };
		9255F4B722A4B44C0002BC21 /* Base */ = {isa = PBXFileReference; lastKnownFileType = file.storyboard; name = Base; path = Base.lproj/LaunchScreen.storyboard; sourceTree = "<group>"; };
		9255F4B922A4B44C0002BC21 /* Info.plist */ = {isa = PBXFileReference; lastKnownFileType = text.plist.xml; path = Info.plist; sourceTree = "<group>"; };
		92F118DD22B1DC9500B4AF1D /* DestinationViewController.swift */ = {isa = PBXFileReference; lastKnownFileType = sourcecode.swift; path = DestinationViewController.swift; sourceTree = "<group>"; };
		92F118DF22B1F3EC00B4AF1D /* InstructionsViewController.swift */ = {isa = PBXFileReference; lastKnownFileType = sourcecode.swift; path = InstructionsViewController.swift; sourceTree = "<group>"; };
		92F118E122B1F41200B4AF1D /* Puzzle1ViewController.swift */ = {isa = PBXFileReference; lastKnownFileType = sourcecode.swift; path = Puzzle1ViewController.swift; sourceTree = "<group>"; };
		92F118E322B1F44C00B4AF1D /* Puzzle2ViewController.swift */ = {isa = PBXFileReference; lastKnownFileType = sourcecode.swift; path = Puzzle2ViewController.swift; sourceTree = "<group>"; };
		92F118E522B1F49300B4AF1D /* CheckViewController.swift */ = {isa = PBXFileReference; lastKnownFileType = sourcecode.swift; path = CheckViewController.swift; sourceTree = "<group>"; };
		92F118E722B1F4A300B4AF1D /* HistoryViewController.swift */ = {isa = PBXFileReference; lastKnownFileType = sourcecode.swift; path = HistoryViewController.swift; sourceTree = "<group>"; };
/* End PBXFileReference section */

/* Begin PBXFrameworksBuildPhase section */
		9255F4A722A4B44A0002BC21 /* Frameworks */ = {
			isa = PBXFrameworksBuildPhase;
			buildActionMask = 2147483647;
			files = (
			);
			runOnlyForDeploymentPostprocessing = 0;
		};
/* End PBXFrameworksBuildPhase section */

/* Begin PBXGroup section */
		923BBC5722BBFE7B0004CCFE /* Images */ = {
			isa = PBXGroup;
			children = (
				923BBC5822BBFEAA0004CCFE /* Puzzle1 */,
				923BBC5922BBFEBD0004CCFE /* Puzzle2 */,
			);
			path = Images;
			sourceTree = "<group>";
		};
		923BBC5822BBFEAA0004CCFE /* Puzzle1 */ = {
			isa = PBXGroup;
			children = (
				923BBC5322BB392C0004CCFE /* circle-trans.png */,
				923BBC5522BB447A0004CCFE /* circle-bkg.png */,
			);
			path = Puzzle1;
			sourceTree = "<group>";
		};
		923BBC5922BBFEBD0004CCFE /* Puzzle2 */ = {
			isa = PBXGroup;
			children = (
				923BBC5A22BBFF090004CCFE /* red-stripe.png */,
				923BBC5C22BBFF100004CCFE /* yellow-stripe.png */,
				923BBC5E22BBFF180004CCFE /* green-stripe.png */,
				923BBC6022BBFF220004CCFE /* blue-stripe.png */,
				923BBC6222BBFF280004CCFE /* purple-stripe.png */,
				923BBC6422BC030E0004CCFE /* bkg-stripe.png */,
			);
			path = Puzzle2;
			sourceTree = "<group>";
		};
		9255F4A122A4B44A0002BC21 = {
			isa = PBXGroup;
			children = (
				9255F4AC22A4B44A0002BC21 /* Explore */,
				9255F4AB22A4B44A0002BC21 /* Products */,
			);
			sourceTree = "<group>";
		};
		9255F4AB22A4B44A0002BC21 /* Products */ = {
			isa = PBXGroup;
			children = (
				9255F4AA22A4B44A0002BC21 /* Explore.app */,
			);
			name = Products;
			sourceTree = "<group>";
		};
		9255F4AC22A4B44A0002BC21 /* Explore */ = {
			isa = PBXGroup;
			children = (
				9255F4AD22A4B44A0002BC21 /* AppDelegate.swift */,
				9255F4B622A4B44C0002BC21 /* LaunchScreen.storyboard */,
				9255F4B122A4B44A0002BC21 /* Main.storyboard */,
				9255F4AF22A4B44A0002BC21 /* ViewController.swift */,
				92F118DF22B1F3EC00B4AF1D /* InstructionsViewController.swift */,
				92F118DD22B1DC9500B4AF1D /* DestinationViewController.swift */,
				92F118E122B1F41200B4AF1D /* Puzzle1ViewController.swift */,
				92F118E322B1F44C00B4AF1D /* Puzzle2ViewController.swift */,
				92F118E522B1F49300B4AF1D /* CheckViewController.swift */,
				92F118E722B1F4A300B4AF1D /* HistoryViewController.swift */,
				9255F4B422A4B44C0002BC21 /* Assets.xcassets */,
				9255F4B922A4B44C0002BC21 /* Info.plist */,
				923BBC5722BBFE7B0004CCFE /* Images */,
			);
			path = Explore;
			sourceTree = "<group>";
		};
/* End PBXGroup section */

/* Begin PBXNativeTarget section */
		9255F4A922A4B44A0002BC21 /* Explore */ = {
			isa = PBXNativeTarget;
			buildConfigurationList = 9255F4BC22A4B44C0002BC21 /* Build configuration list for PBXNativeTarget "Explore" */;
			buildPhases = (
				9255F4A622A4B44A0002BC21 /* Sources */,
				9255F4A722A4B44A0002BC21 /* Frameworks */,
				9255F4A822A4B44A0002BC21 /* Resources */,
			);
			buildRules = (
			);
			dependencies = (
			);
			name = Explore;
			productName = Explore;
			productReference = 9255F4AA22A4B44A0002BC21 /* Explore.app */;
			productType = "com.apple.product-type.application";
		};
/* End PBXNativeTarget section */

/* Begin PBXProject section */
		9255F4A222A4B44A0002BC21 /* Project object */ = {
			isa = PBXProject;
			attributes = {
				LastSwiftUpdateCheck = 1020;
				LastUpgradeCheck = 1020;
				ORGANIZATIONNAME = "Alice Chamberlin";
				TargetAttributes = {
					9255F4A922A4B44A0002BC21 = {
						CreatedOnToolsVersion = 10.2.1;
					};
				};
			};
			buildConfigurationList = 9255F4A522A4B44A0002BC21 /* Build configuration list for PBXProject "Explore" */;
			compatibilityVersion = "Xcode 9.3";
			developmentRegion = en;
			hasScannedForEncodings = 0;
			knownRegions = (
				en,
				Base,
			);
			mainGroup = 9255F4A122A4B44A0002BC21;
			productRefGroup = 9255F4AB22A4B44A0002BC21 /* Products */;
			projectDirPath = "";
			projectRoot = "";
			targets = (
				9255F4A922A4B44A0002BC21 /* Explore */,
			);
		};
/* End PBXProject section */

/* Begin PBXResourcesBuildPhase section */
		9255F4A822A4B44A0002BC21 /* Resources */ = {
			isa = PBXResourcesBuildPhase;
			buildActionMask = 2147483647;
			files = (
				923BBC5F22BBFF180004CCFE /* green-stripe.png in Resources */,
				923BBC5D22BBFF100004CCFE /* yellow-stripe.png in Resources */,
				923BBC5B22BBFF090004CCFE /* red-stripe.png in Resources */,
				923BBC5622BB447A0004CCFE /* circle-bkg.png in Resources */,
				923BBC6522BC030E0004CCFE /* bkg-stripe.png in Resources */,
				923BBC6322BBFF280004CCFE /* purple-stripe.png in Resources */,
				9255F4B822A4B44C0002BC21 /* LaunchScreen.storyboard in Resources */,
				9255F4B522A4B44C0002BC21 /* Assets.xcassets in Resources */,
				9255F4B322A4B44A0002BC21 /* Main.storyboard in Resources */,
				923BBC6122BBFF220004CCFE /* blue-stripe.png in Resources */,
				923BBC5422BB392C0004CCFE /* circle-trans.png in Resources */,
			);
			runOnlyForDeploymentPostprocessing = 0;
		};
/* End PBXResourcesBuildPhase section */

/* Begin PBXSourcesBuildPhase section */
		9255F4A622A4B44A0002BC21 /* Sources */ = {
			isa = PBXSourcesBuildPhase;
			buildActionMask = 2147483647;
			files = (
				9255F4B022A4B44A0002BC21 /* ViewController.swift in Sources */,
				9255F4AE22A4B44A0002BC21 /* AppDelegate.swift in Sources */,
				92F118DE22B1DC9500B4AF1D /* DestinationViewController.swift in Sources */,
				92F118E222B1F41200B4AF1D /* Puzzle1ViewController.swift in Sources */,
				92F118E022B1F3EC00B4AF1D /* InstructionsViewController.swift in Sources */,
				92F118E422B1F44C00B4AF1D /* Puzzle2ViewController.swift in Sources */,
				92F118E622B1F49300B4AF1D /* CheckViewController.swift in Sources */,
				92F118E822B1F4A300B4AF1D /* HistoryViewController.swift in Sources */,
			);
			runOnlyForDeploymentPostprocessing = 0;
		};
/* End PBXSourcesBuildPhase section */

/* Begin PBXVariantGroup section */
		9255F4B122A4B44A0002BC21 /* Main.storyboard */ = {
			isa = PBXVariantGroup;
			children = (
				9255F4B222A4B44A0002BC21 /* Base */,
			);
			name = Main.storyboard;
			sourceTree = "<group>";
		};
		9255F4B622A4B44C0002BC21 /* LaunchScreen.storyboard */ = {
			isa = PBXVariantGroup;
			children = (
				9255F4B722A4B44C0002BC21 /* Base */,
			);
			name = LaunchScreen.storyboard;
			sourceTree = "<group>";
		};
/* End PBXVariantGroup section */

/* Begin XCBuildConfiguration section */
		9255F4BA22A4B44C0002BC21 /* Debug */ = {
			isa = XCBuildConfiguration;
			buildSettings = {
				ALWAYS_SEARCH_USER_PATHS = NO;
				CLANG_ANALYZER_NONNULL = YES;
				CLANG_ANALYZER_NUMBER_OBJECT_CONVERSION = YES_AGGRESSIVE;
				CLANG_CXX_LANGUAGE_STANDARD = "gnu++14";
				CLANG_CXX_LIBRARY = "libc++";
				CLANG_ENABLE_MODULES = YES;
				CLANG_ENABLE_OBJC_ARC = YES;
				CLANG_ENABLE_OBJC_WEAK = YES;
				CLANG_WARN_BLOCK_CAPTURE_AUTORELEASING = YES;
				CLANG_WARN_BOOL_CONVERSION = YES;
				CLANG_WARN_COMMA = YES;
				CLANG_WARN_CONSTANT_CONVERSION = YES;
				CLANG_WARN_DEPRECATED_OBJC_IMPLEMENTATIONS = YES;
				CLANG_WARN_DIRECT_OBJC_ISA_USAGE = YES_ERROR;
				CLANG_WARN_DOCUMENTATION_COMMENTS = YES;
				CLANG_WARN_EMPTY_BODY = YES;
				CLANG_WARN_ENUM_CONVERSION = YES;
				CLANG_WARN_INFINITE_RECURSION = YES;
				CLANG_WARN_INT_CONVERSION = YES;
				CLANG_WARN_NON_LITERAL_NULL_CONVERSION = YES;
				CLANG_WARN_OBJC_IMPLICIT_RETAIN_SELF = YES;
				CLANG_WARN_OBJC_LITERAL_CONVERSION = YES;
				CLANG_WARN_OBJC_ROOT_CLASS = YES_ERROR;
				CLANG_WARN_RANGE_LOOP_ANALYSIS = YES;
				CLANG_WARN_STRICT_PROTOTYPES = YES;
				CLANG_WARN_SUSPICIOUS_MOVE = YES;
				CLANG_WARN_UNGUARDED_AVAILABILITY = YES_AGGRESSIVE;
				CLANG_WARN_UNREACHABLE_CODE = YES;
				CLANG_WARN__DUPLICATE_METHOD_MATCH = YES;
				CODE_SIGN_IDENTITY = "iPhone Developer";
				COPY_PHASE_STRIP = NO;
				DEBUG_INFORMATION_FORMAT = dwarf;
				ENABLE_STRICT_OBJC_MSGSEND = YES;
				ENABLE_TESTABILITY = YES;
				GCC_C_LANGUAGE_STANDARD = gnu11;
				GCC_DYNAMIC_NO_PIC = NO;
				GCC_NO_COMMON_BLOCKS = YES;
				GCC_OPTIMIZATION_LEVEL = 0;
				GCC_PREPROCESSOR_DEFINITIONS = (
					"DEBUG=1",
					"$(inherited)",
				);
				GCC_WARN_64_TO_32_BIT_CONVERSION = YES;
				GCC_WARN_ABOUT_RETURN_TYPE = YES_ERROR;
				GCC_WARN_UNDECLARED_SELECTOR = YES;
				GCC_WARN_UNINITIALIZED_AUTOS = YES_AGGRESSIVE;
				GCC_WARN_UNUSED_FUNCTION = YES;
				GCC_WARN_UNUSED_VARIABLE = YES;
				IPHONEOS_DEPLOYMENT_TARGET = 12.2;
				MTL_ENABLE_DEBUG_INFO = INCLUDE_SOURCE;
				MTL_FAST_MATH = YES;
				ONLY_ACTIVE_ARCH = YES;
				SDKROOT = iphoneos;
				SWIFT_ACTIVE_COMPILATION_CONDITIONS = DEBUG;
				SWIFT_OPTIMIZATION_LEVEL = "-Onone";
			};
			name = Debug;
		};
		9255F4BB22A4B44C0002BC21 /* Release */ = {
			isa = XCBuildConfiguration;
			buildSettings = {
				ALWAYS_SEARCH_USER_PATHS = NO;
				CLANG_ANALYZER_NONNULL = YES;
				CLANG_ANALYZER_NUMBER_OBJECT_CONVERSION = YES_AGGRESSIVE;
				CLANG_CXX_LANGUAGE_STANDARD = "gnu++14";
				CLANG_CXX_LIBRARY = "libc++";
				CLANG_ENABLE_MODULES = YES;
				CLANG_ENABLE_OBJC_ARC = YES;
				CLANG_ENABLE_OBJC_WEAK = YES;
				CLANG_WARN_BLOCK_CAPTURE_AUTORELEASING = YES;
				CLANG_WARN_BOOL_CONVERSION = YES;
				CLANG_WARN_COMMA = YES;
				CLANG_WARN_CONSTANT_CONVERSION = YES;
				CLANG_WARN_DEPRECATED_OBJC_IMPLEMENTATIONS = YES;
				CLANG_WARN_DIRECT_OBJC_ISA_USAGE = YES_ERROR;
				CLANG_WARN_DOCUMENTATION_COMMENTS = YES;
				CLANG_WARN_EMPTY_BODY = YES;
				CLANG_WARN_ENUM_CONVERSION = YES;
				CLANG_WARN_INFINITE_RECURSION = YES;
				CLANG_WARN_INT_CONVERSION = YES;
				CLANG_WARN_NON_LITERAL_NULL_CONVERSION = YES;
				CLANG_WARN_OBJC_IMPLICIT_RETAIN_SELF = YES;
				CLANG_WARN_OBJC_LITERAL_CONVERSION = YES;
				CLANG_WARN_OBJC_ROOT_CLASS = YES_ERROR;
				CLANG_WARN_RANGE_LOOP_ANALYSIS = YES;
				CLANG_WARN_STRICT_PROTOTYPES = YES;
				CLANG_WARN_SUSPICIOUS_MOVE = YES;
				CLANG_WARN_UNGUARDED_AVAILABILITY = YES_AGGRESSIVE;
				CLANG_WARN_UNREACHABLE_CODE = YES;
				CLANG_WARN__DUPLICATE_METHOD_MATCH = YES;
				CODE_SIGN_IDENTITY = "iPhone Developer";
				COPY_PHASE_STRIP = NO;
				DEBUG_INFORMATION_FORMAT = "dwarf-with-dsym";
				ENABLE_NS_ASSERTIONS = NO;
				ENABLE_STRICT_OBJC_MSGSEND = YES;
				GCC_C_LANGUAGE_STANDARD = gnu11;
				GCC_NO_COMMON_BLOCKS = YES;
				GCC_WARN_64_TO_32_BIT_CONVERSION = YES;
				GCC_WARN_ABOUT_RETURN_TYPE = YES_ERROR;
				GCC_WARN_UNDECLARED_SELECTOR = YES;
				GCC_WARN_UNINITIALIZED_AUTOS = YES_AGGRESSIVE;
				GCC_WARN_UNUSED_FUNCTION = YES;
				GCC_WARN_UNUSED_VARIABLE = YES;
				IPHONEOS_DEPLOYMENT_TARGET = 12.2;
				MTL_ENABLE_DEBUG_INFO = NO;
				MTL_FAST_MATH = YES;
				SDKROOT = iphoneos;
				SWIFT_COMPILATION_MODE = wholemodule;
				SWIFT_OPTIMIZATION_LEVEL = "-O";
				VALIDATE_PRODUCT = YES;
			};
			name = Release;
		};
		9255F4BD22A4B44C0002BC21 /* Debug */ = {
			isa = XCBuildConfiguration;
			buildSettings = {
				ASSETCATALOG_COMPILER_APPICON_NAME = AppIcon;
				CODE_SIGN_STYLE = Automatic;
				DEVELOPMENT_TEAM = FY7GSZ49FP;
				INFOPLIST_FILE = Explore/Info.plist;
				LD_RUNPATH_SEARCH_PATHS = (
					"$(inherited)",
					"@executable_path/Frameworks",
				);
				PRODUCT_BUNDLE_IDENTIFIER = com.axylon.Explore;
				PRODUCT_NAME = "$(TARGET_NAME)";
				SWIFT_VERSION = 5.0;
				TARGETED_DEVICE_FAMILY = "1,2";
			};
			name = Debug;
		};
		9255F4BE22A4B44C0002BC21 /* Release */ = {
			isa = XCBuildConfiguration;
			buildSettings = {
				ASSETCATALOG_COMPILER_APPICON_NAME = AppIcon;
				CODE_SIGN_STYLE = Automatic;
				DEVELOPMENT_TEAM = FY7GSZ49FP;
				INFOPLIST_FILE = Explore/Info.plist;
				LD_RUNPATH_SEARCH_PATHS = (
					"$(inherited)",
					"@executable_path/Frameworks",
				);
				PRODUCT_BUNDLE_IDENTIFIER = com.axylon.Explore;
				PRODUCT_NAME = "$(TARGET_NAME)";
				SWIFT_VERSION = 5.0;
				TARGETED_DEVICE_FAMILY = "1,2";
			};
			name = Release;
		};
/* End XCBuildConfiguration section */

/* Begin XCConfigurationList section */
		9255F4A522A4B44A0002BC21 /* Build configuration list for PBXProject "Explore" */ = {
			isa = XCConfigurationList;
			buildConfigurations = (
				9255F4BA22A4B44C0002BC21 /* Debug */,
				9255F4BB22A4B44C0002BC21 /* Release */,
			);
			defaultConfigurationIsVisible = 0;
			defaultConfigurationName = Release;
		};
		9255F4BC22A4B44C0002BC21 /* Build configuration list for PBXNativeTarget "Explore" */ = {
			isa = XCConfigurationList;
			buildConfigurations = (
				9255F4BD22A4B44C0002BC21 /* Debug */,
				9255F4BE22A4B44C0002BC21 /* Release */,
			);
			defaultConfigurationIsVisible = 0;
			defaultConfigurationName = Release;
		};
/* End XCConfigurationList section */
	};
	rootObject = 9255F4A222A4B44A0002BC21 /* Project object */;
}
